dependencies:
- name: api-gateway
  repository: file://../services/api-gateway
  version: 0.1.0
- name: auth-service
  repository: file://../services/auth-service
  version: 0.1.0
- name: chat-service
  repository: file://../services/chat-service
  version: 0.1.0
- name: user-service
  repository: file://../services/user-service
  version: 0.1.0
- name: postgresql
  repository: file://../infra/postgresql
  version: 0.1.0
- name: redis
  repository: file://../infra/redis
  version: 0.1.0
- name: minio
  repository: file://../infra/minio
  version: 0.1.0
digest: sha256:ba889d4d3c22d36f1ad1bad294c14c9426fd17cbffcff0553c7269334d0221ed
generated: "2026-04-04T23:56:03.233060699+03:00"
